# This file is autogenerated, do not edit; changes may be undone by the next 'dep ensure'.


[[projects]]
  branch = "master"
  name = "github.com/aandryashin/matchers"
  packages = ["."]
  revision = "435295ea180e58dbfa526db1ebab8c801b4c2b75"

[[projects]]
  name = "github.com/inconshreveable/mousetrap"
  packages = ["."]
  revision = "76626ae9c91c4f2a10f34cad8ce83ea42c93bb75"
  version = "v1.0"

[[projects]]
  name = "github.com/spf13/cobra"
  packages = ["."]
  revision = "856b96dcb49d6427babe192998a35190a12c2230"

[[projects]]
  name = "github.com/spf13/pflag"
  packages = ["."]
  revision = "bf8481a6aebc13a8aab52e699ffe2e79771f5a3f"

[solve-meta]
  analyzer-name = "dep"
  analyzer-version = 1
  inputs-digest = "e84315d6d1e4a29e09089acbf38f74dae8e026bf7083299dd07f7e66da6c05d6"
  solver-name = "gps-cdcl"
  solver-version = 1
